{
  "version": 4,
  "terraform_version": "1.8.0",
  "serial": 27,
  "lineage": "544b15ea-4c0a-8626-d6de-ca7836341d2b",
  "outputs": {},
  "resources": [
    {
      "mode": "managed",
      "type": "aws_iam_role_policy",
      "name": "glue_s3_policy",
      "provider": "provider[\"registry.terraform.io/hashicorp/aws\"]",
      "instances": [
        {
          "schema_version": 0,
          "attributes": {
            "id": "s3-redshift-glue-role:GlueS3AccessPolicy",
            "name": "GlueS3AccessPolicy",
            "name_prefix": "",
            "policy": "{\"Version\":\"2012-10-17\",\"Statement\":[{\"Action\":[\"s3:GetObject\",\"s3:ListBucket\"],\"Effect\":\"Allow\",\"Resource\":[\"arn:aws:s3:::de-project-covid19-197398273774\",\"arn:aws:s3:::de-project-covid19-197398273774/libs/*\",\"arn:aws:s3:::de-project-covid19-197398273774/transform/*\"]}]}",
            "role": "s3-redshift-glue-role"
          },
          "sensitive_attributes": [],
          "private": "bnVsbA=="
        }
      ]
    },
    {
      "mode": "managed",
      "type": "null_resource",
      "name": "run_glue_job",
      "provider": "provider[\"registry.terraform.io/hashicorp/null\"]",
      "instances": [
        {
          "schema_version": 0,
          "attributes": {
            "id": "1269371216792319892",
            "triggers": null
          },
          "sensitive_attributes": [],
          "dependencies": [
            "aws_glue_job.etl_job",
            "aws_iam_role_policy.glue_s3_policy"
          ]
        }
      ]
    }
  ],
  "check_results": null
}
